{
  "com.beust:jcommander:1.12": {
    "jcommander-1.12.jar": {
      "url": "https://repo.maven.apache.org/maven2/com/beust/jcommander/1.12/jcommander-1.12.jar",
      "hash": "sha256-R1RLLOOhbYi8/cIUQgDeXRqfJtzyGpKQla5i2InGYUs="
    },
    "jcommander-1.12.pom": {
      "url": "https://repo.maven.apache.org/maven2/com/beust/jcommander/1.12/jcommander-1.12.pom",
      "hash": "sha256-i5li00SgsiB1hz0L9cSuyUdqNsaTA/GK7Ic3GRn318Q="
    }
  },
  "com.github.martinpaljak:ant-javacard:20.03.25": {
    "ant-javacard-20.03.25.jar": {
      "url": "https://javacard.pro/maven/com/github/martinpaljak/ant-javacard/20.03.25/ant-javacard-20.03.25.jar",
      "hash": "sha256-AaeqhIfDXEcrMW2o0eO3sYdntwCnBIXvLKV2joXkfA8="
    },
    "ant-javacard-20.03.25.pom": {
      "url": "https://javacard.pro/maven/com/github/martinpaljak/ant-javacard/20.03.25/ant-javacard-20.03.25.pom",
      "hash": "sha256-5jjX7HmC23dhbeljE5XlDYpDlLca61MvltW/bs+0b5U="
    }
  },
  "com.github.martinpaljak:apdu4j:20.08.12": {
    "apdu4j-20.08.12.pom": {
      "url": "https://javacard.pro/maven/com/github/martinpaljak/apdu4j/20.08.12/apdu4j-20.08.12.pom",
      "hash": "sha256-ztab0pETf9vx4ekaLYezFS4W0piFmYaoV9vc3Zom+yk="
    }
  },
  "com.github.martinpaljak:apdu4j:20.01.01": {
    "apdu4j-20.01.01.pom": {
      "url": "https://repo.maven.apache.org/maven2/com/github/martinpaljak/apdu4j/20.01.01/apdu4j-20.01.01.pom",
      "hash": "sha256-Zi8AnPGl2jp4p9A12FhQQ0+l6BGI0LTiuFje+OUNbsk="
    }
  },
  "com.github.martinpaljak:apdu4j-core:2020b1": {
    "apdu4j-core-2020b1.jar": {
      "url": "https://repo.maven.apache.org/maven2/com/github/martinpaljak/apdu4j-core/2020b1/apdu4j-core-2020b1.jar",
      "hash": "sha256-12S0X1ZADPXjrS1XCF+FunWS7gBljBDu9ylirI9owh0="
    },
    "apdu4j-core-2020b1.pom": {
      "url": "https://repo.maven.apache.org/maven2/com/github/martinpaljak/apdu4j-core/2020b1/apdu4j-core-2020b1.pom",
      "hash": "sha256-Xm3Nrs7cvsY1nxU+JCOAaJ0yoagC3PsoCK6ezYzqqkc="
    }
  },
  "com.github.martinpaljak:apdu4j-jnasmartcardio:0.2.7+191107": {
    "apdu4j-jnasmartcardio-0.2.7+191107.jar": {
      "url": "https://repo.maven.apache.org/maven2/com/github/martinpaljak/apdu4j-jnasmartcardio/0.2.7+191107/apdu4j-jnasmartcardio-0.2.7+191107.jar",
      "hash": "sha256-DNtj+vB0ex1StCwd+5Nw0b7IvwbJKuWzAcm9reRl0c4="
    },
    "apdu4j-jnasmartcardio-0.2.7+191107.pom": {
      "url": "https://repo.maven.apache.org/maven2/com/github/martinpaljak/apdu4j-jnasmartcardio/0.2.7+191107/apdu4j-jnasmartcardio-0.2.7+191107.pom",
      "hash": "sha256-POAMo0RFbpG74ZewZEXQkoAJUbAClNXGgXVReyHXrX4="
    }
  },
  "com.github.martinpaljak:apdu4j-pcsc:20.08.12": {
    "apdu4j-pcsc-20.08.12.jar": {
      "url": "https://javacard.pro/maven/com/github/martinpaljak/apdu4j-pcsc/20.08.12/apdu4j-pcsc-20.08.12.jar",
      "hash": "sha256-U2vhSqUZkArMVkoU4+pvjjbwiqtsSIRfCqtxi4U7mik="
    },
    "apdu4j-pcsc-20.08.12.pom": {
      "url": "https://javacard.pro/maven/com/github/martinpaljak/apdu4j-pcsc/20.08.12/apdu4j-pcsc-20.08.12.pom",
      "hash": "sha256-oTNIxr5QdONqBCjd9xQGAqfArFtaCo17h8iYBZQvs4o="
    }
  },
  "com.github.martinpaljak:capfile:20.08.12": {
    "capfile-20.08.12.jar": {
      "url": "https://javacard.pro/maven/com/github/martinpaljak/capfile/20.08.12/capfile-20.08.12.jar",
      "hash": "sha256-iGwgQJ76QTN11+QleUnDbqgkV/Bx37Gnb+slpgf+tIs="
    },
    "capfile-20.08.12.pom": {
      "url": "https://javacard.pro/maven/com/github/martinpaljak/capfile/20.08.12/capfile-20.08.12.pom",
      "hash": "sha256-EfZru+/lXlp/iMvjq7sTXcOZGeJxTVFnIv7+WBeG4Yo="
    }
  },
  "com.github.martinpaljak:capfile:20.02.19": {
    "capfile-20.02.19.pom": {
      "url": "https://javacard.pro/maven/com/github/martinpaljak/capfile/20.02.19/capfile-20.02.19.pom",
      "hash": "sha256-nS29stixt+TAE5K1r7IJudLA375GPNLCpNSsrv0w9WM="
    }
  },
  "com.github.martinpaljak:globalplatformpro:20.08.12": {
    "globalplatformpro-20.08.12.jar": {
      "url": "https://javacard.pro/maven/com/github/martinpaljak/globalplatformpro/20.08.12/globalplatformpro-20.08.12.jar",
      "hash": "sha256-euZ78fN7Y1AUTBUAzAXXReaPrbxIGESH+gO5rlJv8Lw="
    },
    "globalplatformpro-20.08.12.pom": {
      "url": "https://javacard.pro/maven/com/github/martinpaljak/globalplatformpro/20.08.12/globalplatformpro-20.08.12.pom",
      "hash": "sha256-q+xw/3RFIh1UCDa6pCefSPQBkYftJBzjpVrFDqnyHoA="
    }
  },
  "com.github.martinpaljak:gppro:20.08.12": {
    "gppro-20.08.12.pom": {
      "url": "https://javacard.pro/maven/com/github/martinpaljak/gppro/20.08.12/gppro-20.08.12.pom",
      "hash": "sha256-Aa4sLUSVzPYw9BgSU5jBbafj0EtCUR7fZlB/+S/4YBE="
    }
  },
  "com.github.martinpaljak:gptool:20.08.12": {
    "gptool-20.08.12.jar": {
      "url": "https://javacard.pro/maven/com/github/martinpaljak/gptool/20.08.12/gptool-20.08.12.jar",
      "hash": "sha256-DvjUqhj2flSdbZRLoROzgg1FJqr71jo0RzCoexoSC8k="
    },
    "gptool-20.08.12.pom": {
      "url": "https://javacard.pro/maven/com/github/martinpaljak/gptool/20.08.12/gptool-20.08.12.pom",
      "hash": "sha256-+phLgJ2Q3PSpq0dvA+6c68duDHxo0cgzKSurtKpcr3E="
    }
  },
  "com.github.martinpaljak:metacard:20.08.07": {
    "metacard-20.08.07.pom": {
      "url": "https://repo.maven.apache.org/maven2/com/github/martinpaljak/metacard/20.08.07/metacard-20.08.07.pom",
      "hash": "sha256-yD2dp0zDBDK9u7aCTlTjCpMbKtOhaK8JbVUSsaNecYo="
    }
  },
  "com.github.martinpaljak:metacard:20.02.19": {
    "metacard-20.02.19.pom": {
      "url": "https://repo.maven.apache.org/maven2/com/github/martinpaljak/metacard/20.02.19/metacard-20.02.19.pom",
      "hash": "sha256-3uB4lZGXY6Y61yHaUxMxmVDilkP0C8AFIZjOBrW9c64="
    }
  },
  "com.github.martinpaljak:metacard:19.10.01": {
    "metacard-19.10.01.pom": {
      "url": "https://repo.maven.apache.org/maven2/com/github/martinpaljak/metacard/19.10.01/metacard-19.10.01.pom",
      "hash": "sha256-CwVwywO0djSumPdr6KNyo9YJNanaYLiu7/NE8AJZ1d8="
    }
  },
  "com.klinec:gradle-javacard:1.8.0": {
    "gradle-javacard-1.8.0.jar": {
      "url": "https://repo.maven.apache.org/maven2/com/klinec/gradle-javacard/1.8.0/gradle-javacard-1.8.0.jar",
      "hash": "sha256-3BqW2ygiHAKAE5oqnRRTVvqdLn5ytfinlzU0ggxeTwQ="
    },
    "gradle-javacard-1.8.0.pom": {
      "url": "https://repo.maven.apache.org/maven2/com/klinec/gradle-javacard/1.8.0/gradle-javacard-1.8.0.pom",
      "hash": "sha256-acs7+60LOtrXFLKybmIuQkX8u9ivtwJXT6jy6VVGBdc="
    }
  },
  "com.klinec:javacard-tools:1.0.4": {
    "javacard-tools-1.0.4.jar": {
      "url": "https://repo.maven.apache.org/maven2/com/klinec/javacard-tools/1.0.4/javacard-tools-1.0.4.jar",
      "hash": "sha256-4I1sEh395pIrv3xICfAQmwj3LlGkAU+btQyUwWujvPE="
    },
    "javacard-tools-1.0.4.pom": {
      "url": "https://repo.maven.apache.org/maven2/com/klinec/javacard-tools/1.0.4/javacard-tools-1.0.4.pom",
      "hash": "sha256-wMLEhYz5g1OzBfpGyPDn8hg3qBanQxXJUJ/iLLECEzw="
    }
  },
  "com.klinec:jcardsim:3.0.5.11": {
    "jcardsim-3.0.5.11.jar": {
      "url": "https://repo.maven.apache.org/maven2/com/klinec/jcardsim/3.0.5.11/jcardsim-3.0.5.11.jar",
      "hash": "sha256-9sO2uBQEAaR88517nb/AUuOBR0xsOyIBgFECS+H8qXw="
    },
    "jcardsim-3.0.5.11.pom": {
      "url": "https://repo.maven.apache.org/maven2/com/klinec/jcardsim/3.0.5.11/jcardsim-3.0.5.11.pom",
      "hash": "sha256-pQ+boNGgeOswipNcHCmztjGzb7994xjXio9BijZ0WFU="
    }
  },
  "com.payneteasy:ber-tlv:1.0-11": {
    "ber-tlv-1.0-11.jar": {
      "url": "https://repo.maven.apache.org/maven2/com/payneteasy/ber-tlv/1.0-11/ber-tlv-1.0-11.jar",
      "hash": "sha256-pDXqu1JsfQbKrSDd3xZ3E2i6ZkDlUY/6yGFP3Kw9ioA="
    },
    "ber-tlv-1.0-11.pom": {
      "url": "https://repo.maven.apache.org/maven2/com/payneteasy/ber-tlv/1.0-11/ber-tlv-1.0-11.pom",
      "hash": "sha256-71UFphwg/y733c/62MYbVga5Aba0/zPnyCg6FGaZ9lw="
    }
  },
  "com.squareup.okhttp3:okhttp:4.9.1": {
    "okhttp-4.9.1.jar": {
      "url": "https://repo.maven.apache.org/maven2/com/squareup/okhttp3/okhttp/4.9.1/okhttp-4.9.1.jar",
      "hash": "sha256-av3Y819Otg35ZcKQ+jrPKUQ/qYZUURPQcpuEYfZXH48="
    },
    "okhttp-4.9.1.module": {
      "url": "https://repo.maven.apache.org/maven2/com/squareup/okhttp3/okhttp/4.9.1/okhttp-4.9.1.module",
      "hash": "sha256-/BHnYfab81Cm5c112nWxuHEmSGZynu6YCl61V4VPiDY="
    },
    "okhttp-4.9.1.pom": {
      "url": "https://repo.maven.apache.org/maven2/com/squareup/okhttp3/okhttp/4.9.1/okhttp-4.9.1.pom",
      "hash": "sha256-4OfSA7LoKE844eEzn0riCFa1e2IPRoen8+G7lldcgOI="
    }
  },
  "com.squareup.okio:okio:2.8.0": {
    "okio-2.8.0.module": {
      "url": "https://repo.maven.apache.org/maven2/com/squareup/okio/okio/2.8.0/okio-2.8.0.module",
      "hash": "sha256-F7qrcnA4ml+mOrEoEYZNCgDzgWEbxOsEL6G9WRjtCWU="
    },
    "okio-2.8.0.pom": {
      "url": "https://repo.maven.apache.org/maven2/com/squareup/okio/okio/2.8.0/okio-2.8.0.pom",
      "hash": "sha256-JiFAaP1Mf0N6yP6FdoAqmp3BUcRXWCgHrZryry6MlIE="
    },
    "okio-jvm-2.8.0.jar": {
      "url": "https://repo.maven.apache.org/maven2/com/squareup/okio/okio/2.8.0/okio-2.8.0.jar",
      "hash": "sha256-RJawbnOYL83YpTk/RuXfLOL6RGXfWJVFTKxooy8Ju8g="
    }
  },
  "commons-codec:commons-codec:1.15": {
    "commons-codec-1.15.jar": {
      "url": "https://repo.maven.apache.org/maven2/commons-codec/commons-codec/1.15/commons-codec-1.15.jar",
      "hash": "sha256-s+n21jp5AQm/DQVmEfvtHPaQVYJt7+uYlKcTadJG7WM="
    },
    "commons-codec-1.15.pom": {
      "url": "https://repo.maven.apache.org/maven2/commons-codec/commons-codec/1.15/commons-codec-1.15.pom",
      "hash": "sha256-yG7hmKNaNxVIeGD0Gcv2Qufk2ehxR3eUfb5qTjogq1g="
    }
  },
  "junit:junit:4.13.2": {
    "junit-4.13.2.jar": {
      "url": "https://repo.maven.apache.org/maven2/junit/junit/4.13.2/junit-4.13.2.jar",
      "hash": "sha256-jklbY0Rp1k+4rPo0laBly6zIoP/1XOHjEAe+TBbcV9M="
    },
    "junit-4.13.2.pom": {
      "url": "https://repo.maven.apache.org/maven2/junit/junit/4.13.2/junit-4.13.2.pom",
      "hash": "sha256-Vptpd+5GA8llwcRsMFj6bpaSkbAWDraWTdCSzYnq3ZQ="
    }
  },
  "log4j:log4j:1.2.17": {
    "log4j-1.2.17.jar": {
      "url": "https://repo.maven.apache.org/maven2/log4j/log4j/1.2.17/log4j-1.2.17.jar",
      "hash": "sha256-HTFpZEVpdyBScJF1Q2kIKmZRvUl4G2AF3rlOVnU0Bvk="
    },
    "log4j-1.2.17.pom": {
      "url": "https://repo.maven.apache.org/maven2/log4j/log4j/1.2.17/log4j-1.2.17.pom",
      "hash": "sha256-O5Wj083TqkuRqzJ921ob/gPYHic3lONqoUQEcdXXDl4="
    }
  },
  "net.java.dev.jna:jna:5.5.0": {
    "jna-5.5.0.jar": {
      "url": "https://repo.maven.apache.org/maven2/net/java/dev/jna/jna/5.5.0/jna-5.5.0.jar",
      "hash": "sha256-swj66/5O1AnehBDgpjLRZLISawNfbqz/lo05CMr7TZ4="
    },
    "jna-5.5.0.pom": {
      "url": "https://repo.maven.apache.org/maven2/net/java/dev/jna/jna/5.5.0/jna-5.5.0.pom",
      "hash": "sha256-pRrZTj90+Fo8362XU5KCkxZFJmn1iCA8e0nl+Beb5Tk="
    }
  },
  "net.sf.jopt-simple:jopt-simple:5.0.4": {
    "jopt-simple-5.0.4.jar": {
      "url": "https://repo.maven.apache.org/maven2/net/sf/jopt-simple/jopt-simple/5.0.4/jopt-simple-5.0.4.jar",
      "hash": "sha256-3ybMWPI19HfbB/dTulo6skPr5Xidn4ns9o3WLqmmbCg="
    },
    "jopt-simple-5.0.4.pom": {
      "url": "https://repo.maven.apache.org/maven2/net/sf/jopt-simple/jopt-simple/5.0.4/jopt-simple-5.0.4.pom",
      "hash": "sha256-amd2O3avzZyAuV5cXiR4LRjMGw49m0VK0/h1THa3aBU="
    }
  },
  "org.apache:apache:23": {
    "apache-23.pom": {
      "url": "https://repo.maven.apache.org/maven2/org/apache/apache/23/apache-23.pom",
      "hash": "sha256-vBBiTgYj82V3+sVjnKKTbTJA7RUvttjVM6tNJwVDSRw="
    }
  },
  "org.apache.commons:commons-parent:52": {
    "commons-parent-52.pom": {
      "url": "https://repo.maven.apache.org/maven2/org/apache/commons/commons-parent/52/commons-parent-52.pom",
      "hash": "sha256-ddvo806Y5MP/QtquSi+etMvNO18QR9VEYKzpBtu0UC4="
    }
  },
  "org.apache.logging:logging-parent:3": {
    "logging-parent-3.pom": {
      "url": "https://repo.maven.apache.org/maven2/org/apache/logging/logging-parent/3/logging-parent-3.pom",
      "hash": "sha256-djouwrgJTUFh3rbCZLEmIIW5vjC/OjHCzhNyQuV3Iqc="
    }
  },
  "org.apache.logging.log4j:log4j:2.17.0": {
    "log4j-2.17.0.pom": {
      "url": "https://repo.maven.apache.org/maven2/org/apache/logging/log4j/log4j/2.17.0/log4j-2.17.0.pom",
      "hash": "sha256-hwRgb663edbSkE8CymFuC5gf44nZ/puJ7ISh5CrugdI="
    }
  },
  "org.apache.logging.log4j:log4j-api:2.17.0": {
    "log4j-api-2.17.0.jar": {
      "url": "https://repo.maven.apache.org/maven2/org/apache/logging/log4j/log4j-api/2.17.0/log4j-api-2.17.0.jar",
      "hash": "sha256-q5ytyA4jRYDj88jBhkQxT8zUs80/cIXU6TSGbLVhuV0="
    },
    "log4j-api-2.17.0.pom": {
      "url": "https://repo.maven.apache.org/maven2/org/apache/logging/log4j/log4j-api/2.17.0/log4j-api-2.17.0.pom",
      "hash": "sha256-ZCLZr1mssAd+ipHHw0pAYv9WqXMcNINqckJwhOJ6pHk="
    }
  },
  "org.apache.logging.log4j:log4j-core:2.17.0": {
    "log4j-core-2.17.0.jar": {
      "url": "https://repo.maven.apache.org/maven2/org/apache/logging/log4j/log4j-core/2.17.0/log4j-core-2.17.0.jar",
      "hash": "sha256-ZcM9ybJKXl9srK5iaAZBWCiUdJx78WyVEDLvkvPhKmA="
    },
    "log4j-core-2.17.0.pom": {
      "url": "https://repo.maven.apache.org/maven2/org/apache/logging/log4j/log4j-core/2.17.0/log4j-core-2.17.0.pom",
      "hash": "sha256-WUQnTrlVkKznwmIB2XJbSrHHZU0pU658wm1z/95AaL4="
    }
  },
  "org.apiguardian:apiguardian-api:1.0.0": {
    "apiguardian-api-1.0.0.jar": {
      "url": "https://repo.maven.apache.org/maven2/org/apiguardian/apiguardian-api/1.0.0/apiguardian-api-1.0.0.jar",
      "hash": "sha256-H1i3dHDY0UegU41RU0fdMi9JqDueiEuJcAURYEZLZbM="
    },
    "apiguardian-api-1.0.0.pom": {
      "url": "https://repo.maven.apache.org/maven2/org/apiguardian/apiguardian-api/1.0.0/apiguardian-api-1.0.0.pom",
      "hash": "sha256-LswV0mFBJMuWMMcXPvyuF3bPQ1iKjzqxsEaEuNvgJIk="
    }
  },
  "org.beanshell:beanshell:2.0b4": {
    "beanshell-2.0b4.pom": {
      "url": "https://repo.maven.apache.org/maven2/org/beanshell/beanshell/2.0b4/beanshell-2.0b4.pom",
      "hash": "sha256-B5LlgfFZJDEnZhxlhZ0U9PC2b8d01HjaKodCkrtHuHQ="
    }
  },
  "org.beanshell:bsh:2.0b4": {
    "bsh-2.0b4.jar": {
      "url": "https://repo.maven.apache.org/maven2/org/beanshell/bsh/2.0b4/bsh-2.0b4.jar",
      "hash": "sha256-kTlcB4hYOajGmG1bfFd82brPAb8SnIkUHzXo6oWEJ7Y="
    },
    "bsh-2.0b4.pom": {
      "url": "https://repo.maven.apache.org/maven2/org/beanshell/bsh/2.0b4/bsh-2.0b4.pom",
      "hash": "sha256-nASP3fKWY9k4Cmj0FNCJcXrj4wuRXmyWAVv0pkqC8Y8="
    }
  },
  "org.bouncycastle:bcpkix-jdk15on:1.66": {
    "bcpkix-jdk15on-1.66.jar": {
      "url": "https://repo.maven.apache.org/maven2/org/bouncycastle/bcpkix-jdk15on/1.66/bcpkix-jdk15on-1.66.jar",
      "hash": "sha256-AtYSaDUv2zXbqZbJymij95PXuL+nV1Sqxm1pZRekIb0="
    },
    "bcpkix-jdk15on-1.66.pom": {
      "url": "https://repo.maven.apache.org/maven2/org/bouncycastle/bcpkix-jdk15on/1.66/bcpkix-jdk15on-1.66.pom",
      "hash": "sha256-kBX+SX7lth+nT71hCRnDqsBrQnlavO46IWCkuLvyGus="
    }
  },
  "org.bouncycastle:bcprov-jdk15on:1.66": {
    "bcprov-jdk15on-1.66.jar": {
      "url": "https://repo.maven.apache.org/maven2/org/bouncycastle/bcprov-jdk15on/1.66/bcprov-jdk15on-1.66.jar",
      "hash": "sha256-G4YduhxURd6bOKF4nCEe8oudB+JtH6OL7nF+W1EWL/4="
    },
    "bcprov-jdk15on-1.66.pom": {
      "url": "https://repo.maven.apache.org/maven2/org/bouncycastle/bcprov-jdk15on/1.66/bcprov-jdk15on-1.66.pom",
      "hash": "sha256-qk0WoZst+s6rlMZDbGQE6uWw+3U0n5/gYQNkZbQg8nA="
    }
  },
  "org.hamcrest:hamcrest-core:1.3": {
    "hamcrest-core-1.3.jar": {
      "url": "https://repo.maven.apache.org/maven2/org/hamcrest/hamcrest-core/1.3/hamcrest-core-1.3.jar",
      "hash": "sha256-Zv3vkelzk0jfeglqo4SlaF9Oh1WEzOiThqekclHE2Ok="
    },
    "hamcrest-core-1.3.pom": {
      "url": "https://repo.maven.apache.org/maven2/org/hamcrest/hamcrest-core/1.3/hamcrest-core-1.3.pom",
      "hash": "sha256-/eOGp5BRc6GxA95quCBydYS1DQ4yKC4nl3h8IKZP+pM="
    }
  },
  "org.hamcrest:hamcrest-parent:1.3": {
    "hamcrest-parent-1.3.pom": {
      "url": "https://repo.maven.apache.org/maven2/org/hamcrest/hamcrest-parent/1.3/hamcrest-parent-1.3.pom",
      "hash": "sha256-bVNflO+2Y722gsnyelAzU5RogAlkK6epZ3UEvBvkEps="
    }
  },
  "org.jetbrains:annotations:13.0": {
    "annotations-13.0.jar": {
      "url": "https://repo.maven.apache.org/maven2/org/jetbrains/annotations/13.0/annotations-13.0.jar",
      "hash": "sha256-rOKhDcji1f00kl7KwD5JiLLA+FFlDJS4zvSbob0RFHg="
    },
    "annotations-13.0.pom": {
      "url": "https://repo.maven.apache.org/maven2/org/jetbrains/annotations/13.0/annotations-13.0.pom",
      "hash": "sha256-llrrK+3/NpgZvd4b96CzuJuCR91pyIuGN112Fju4w5c="
    }
  },
  "org.jetbrains.kotlin:kotlin-stdlib:1.4.21": {
    "kotlin-stdlib-1.4.21.jar": {
      "url": "https://repo.maven.apache.org/maven2/org/jetbrains/kotlin/kotlin-stdlib/1.4.21/kotlin-stdlib-1.4.21.jar",
      "hash": "sha256-94xdjAnbmFkSq4Oh3jw7U93yCNexUfBqcjWOo+E30Bs="
    },
    "kotlin-stdlib-1.4.21.pom": {
      "url": "https://repo.maven.apache.org/maven2/org/jetbrains/kotlin/kotlin-stdlib/1.4.21/kotlin-stdlib-1.4.21.pom",
      "hash": "sha256-B2xaKbenm6IFC1LhIwd4PWsY13Ac5SRaP0jQBcUa4r4="
    }
  },
  "org.jetbrains.kotlin:kotlin-stdlib-common:1.4.21": {
    "kotlin-stdlib-common-1.4.21.jar": {
      "url": "https://repo.maven.apache.org/maven2/org/jetbrains/kotlin/kotlin-stdlib-common/1.4.21/kotlin-stdlib-common-1.4.21.jar",
      "hash": "sha256-gSzxl9nExn4fR/leLXKptgDw0RJFYGF7/phQdz7MvP8="
    },
    "kotlin-stdlib-common-1.4.21.pom": {
      "url": "https://repo.maven.apache.org/maven2/org/jetbrains/kotlin/kotlin-stdlib-common/1.4.21/kotlin-stdlib-common-1.4.21.pom",
      "hash": "sha256-zYQKuID4OK8Ot24lkwOSxr8KoqKtteLUsLufcXopXr0="
    }
  },
  "org.jetbrains.kotlin:kotlin-stdlib-jdk7:1.4.21": {
    "kotlin-stdlib-jdk7-1.4.21.jar": {
      "url": "https://repo.maven.apache.org/maven2/org/jetbrains/kotlin/kotlin-stdlib-jdk7/1.4.21/kotlin-stdlib-jdk7-1.4.21.jar",
      "hash": "sha256-UN5ffa1iNQZKxsD/V38JWpGzMGwlR9i8NyKRWHSVAko="
    },
    "kotlin-stdlib-jdk7-1.4.21.pom": {
      "url": "https://repo.maven.apache.org/maven2/org/jetbrains/kotlin/kotlin-stdlib-jdk7/1.4.21/kotlin-stdlib-jdk7-1.4.21.pom",
      "hash": "sha256-O1StSW56f3rYrW6EblwGGREkLvR04DD/YCvu91ZZQ9Y="
    }
  },
  "org.jetbrains.kotlin:kotlin-stdlib-jdk8:1.4.21": {
    "kotlin-stdlib-jdk8-1.4.21.jar": {
      "url": "https://repo.maven.apache.org/maven2/org/jetbrains/kotlin/kotlin-stdlib-jdk8/1.4.21/kotlin-stdlib-jdk8-1.4.21.jar",
      "hash": "sha256-jsPbFRaUiy01JOOvvnXLWsWeAtmMtu9YbvV7pjyo0R8="
    },
    "kotlin-stdlib-jdk8-1.4.21.pom": {
      "url": "https://repo.maven.apache.org/maven2/org/jetbrains/kotlin/kotlin-stdlib-jdk8/1.4.21/kotlin-stdlib-jdk8-1.4.21.pom",
      "hash": "sha256-W9K0kiOYvZTR2U4tygQBCJCStFPnJKnnRtqsrOrXNbc="
    }
  },
  "org.json:json:20180130": {
    "json-20180130.jar": {
      "url": "https://repo.maven.apache.org/maven2/org/json/json/20180130/json-20180130.jar",
      "hash": "sha256-Pt322dUOdwZQ5iq+YohfQ5OqkRQw7N5z66+x/9LPrRY="
    },
    "json-20180130.pom": {
      "url": "https://repo.maven.apache.org/maven2/org/json/json/20180130/json-20180130.pom",
      "hash": "sha256-9q06iGdgrwkD9SUvAACnNtGW48ytQ1g8aAk4yxL7p5Q="
    }
  },
  "org.junit.jupiter:junit-jupiter-api:5.1.1": {
    "junit-jupiter-api-5.1.1.jar": {
      "url": "https://repo.maven.apache.org/maven2/org/junit/jupiter/junit-jupiter-api/5.1.1/junit-jupiter-api-5.1.1.jar",
      "hash": "sha256-0r/k/CY4K7Fp8QhnKd4I6TMhvtKsQgILLguu4T8gIYc="
    },
    "junit-jupiter-api-5.1.1.pom": {
      "url": "https://repo.maven.apache.org/maven2/org/junit/jupiter/junit-jupiter-api/5.1.1/junit-jupiter-api-5.1.1.pom",
      "hash": "sha256-njdhhV51gn8woHC2HcnFhQEpGhH6Zo7L1QUFKdtPIus="
    }
  },
  "org.junit.jupiter:junit-jupiter-engine:5.1.1": {
    "junit-jupiter-engine-5.1.1.jar": {
      "url": "https://repo.maven.apache.org/maven2/org/junit/jupiter/junit-jupiter-engine/5.1.1/junit-jupiter-engine-5.1.1.jar",
      "hash": "sha256-Nzw+iNTioQy8Z7Aouvqg9pZcC95MEarSprkLay8t504="
    },
    "junit-jupiter-engine-5.1.1.pom": {
      "url": "https://repo.maven.apache.org/maven2/org/junit/jupiter/junit-jupiter-engine/5.1.1/junit-jupiter-engine-5.1.1.pom",
      "hash": "sha256-1lLWG6qihn65wNN7pbwMhHjQHUZBVkgRlED/kVK+zAc="
    }
  },
  "org.junit.platform:junit-platform-commons:1.1.1": {
    "junit-platform-commons-1.1.1.jar": {
      "url": "https://repo.maven.apache.org/maven2/org/junit/platform/junit-platform-commons/1.1.1/junit-platform-commons-1.1.1.jar",
      "hash": "sha256-icCsvUdrTSTrEKjuN/uhIjYI2MW4Z9j04Ibu7FTR/hM="
    },
    "junit-platform-commons-1.1.1.pom": {
      "url": "https://repo.maven.apache.org/maven2/org/junit/platform/junit-platform-commons/1.1.1/junit-platform-commons-1.1.1.pom",
      "hash": "sha256-xCQ13X6uuPHIzHkCcnUOY4/kEomxp9iRaFt5Q6rqWM0="
    }
  },
  "org.junit.platform:junit-platform-engine:1.1.1": {
    "junit-platform-engine-1.1.1.jar": {
      "url": "https://repo.maven.apache.org/maven2/org/junit/platform/junit-platform-engine/1.1.1/junit-platform-engine-1.1.1.jar",
      "hash": "sha256-x6H2DrCnakjYat6eaAUFaEihbuDfnsLZb+1LsmLkLfw="
    },
    "junit-platform-engine-1.1.1.pom": {
      "url": "https://repo.maven.apache.org/maven2/org/junit/platform/junit-platform-engine/1.1.1/junit-platform-engine-1.1.1.pom",
      "hash": "sha256-5GCPleKqmUI1vKL3YioxZI4v/0mRQIZqpspTnO/a2sU="
    }
  },
  "org.opentest4j:opentest4j:1.0.0": {
    "opentest4j-1.0.0.jar": {
      "url": "https://repo.maven.apache.org/maven2/org/opentest4j/opentest4j/1.0.0/opentest4j-1.0.0.jar",
      "hash": "sha256-agWxTodkofpRVRzO8p5ycWgdZfqQeoE2E2uU3pKguGI="
    },
    "opentest4j-1.0.0.pom": {
      "url": "https://repo.maven.apache.org/maven2/org/opentest4j/opentest4j/1.0.0/opentest4j-1.0.0.pom",
      "hash": "sha256-YKnwgAMOjuR0l5bL+tQkSIwB5dIzfFrhUne97Q2H65M="
    }
  },
  "org.slf4j:slf4j-api:1.7.33": {
    "slf4j-api-1.7.33.jar": {
      "url": "https://repo.maven.apache.org/maven2/org/slf4j/slf4j-api/1.7.33/slf4j-api-1.7.33.jar",
      "hash": "sha256-M2gRhV7pf82EEzQ9xC9NJjYlAoYOipGT5NswXj6O+Ao="
    },
    "slf4j-api-1.7.33.pom": {
      "url": "https://repo.maven.apache.org/maven2/org/slf4j/slf4j-api/1.7.33/slf4j-api-1.7.33.pom",
      "hash": "sha256-JiH/Ni4hlfJ/J3tjMFaK2WfIi6+kFaDtO9MtGDZ3Y8U="
    }
  },
  "org.slf4j:slf4j-api:1.7.30": {
    "slf4j-api-1.7.30.jar": {
      "url": "https://repo.maven.apache.org/maven2/org/slf4j/slf4j-api/1.7.30/slf4j-api-1.7.30.jar",
      "hash": "sha256-zboHlk0btAoHYUhcax6ML4/Z6x0ZxTkorA1/lRAQXFc="
    },
    "slf4j-api-1.7.30.pom": {
      "url": "https://repo.maven.apache.org/maven2/org/slf4j/slf4j-api/1.7.30/slf4j-api-1.7.30.pom",
      "hash": "sha256-fgdHdR6bZ+Gdy1IG8E6iLMA9JQxCJCZALq3QNRPywxQ="
    }
  },
  "org.slf4j:slf4j-log4j12:1.7.33": {
    "slf4j-log4j12-1.7.33.jar": {
      "url": "https://repo.maven.apache.org/maven2/org/slf4j/slf4j-log4j12/1.7.33/slf4j-log4j12-1.7.33.jar",
      "hash": "sha256-We/HFJAoaAIuzvBU+6aRrHBjf2xtHyU37AjFU4XV31c="
    },
    "slf4j-log4j12-1.7.33.pom": {
      "url": "https://repo.maven.apache.org/maven2/org/slf4j/slf4j-log4j12/1.7.33/slf4j-log4j12-1.7.33.pom",
      "hash": "sha256-ugOBkgxwHQKy0P11nGVZJh3PnWUbaLv8OZNwx7zfjHc="
    }
  },
  "org.slf4j:slf4j-parent:1.7.33": {
    "slf4j-parent-1.7.33.pom": {
      "url": "https://repo.maven.apache.org/maven2/org/slf4j/slf4j-parent/1.7.33/slf4j-parent-1.7.33.pom",
      "hash": "sha256-facvBBELMKwd7qfS1k1pSZkw3AeBPLaG0eLujM7WZ9A="
    }
  },
  "org.slf4j:slf4j-parent:1.7.30": {
    "slf4j-parent-1.7.30.pom": {
      "url": "https://repo.maven.apache.org/maven2/org/slf4j/slf4j-parent/1.7.30/slf4j-parent-1.7.30.pom",
      "hash": "sha256-EWR5VuSKDFv7OsM/bafoPzQQAraFfv0zWlBbaHvjS3U="
    }
  },
  "org.sonatype.oss:oss-parent:9": {
    "oss-parent-9.pom": {
      "url": "https://repo.maven.apache.org/maven2/org/sonatype/oss/oss-parent/9/oss-parent-9.pom",
      "hash": "sha256-+0AmX5glSCEv+C42LllzKyGH7G8NgBgohcFO8fmCgno="
    }
  },
  "org.sonatype.oss:oss-parent:7": {
    "oss-parent-7.pom": {
      "url": "https://repo.maven.apache.org/maven2/org/sonatype/oss/oss-parent/7/oss-parent-7.pom",
      "hash": "sha256-tR+IZ8kranIkmVV/w6H96ne9+e9XRyL+kM5DailVlFQ="
    }
  },
  "org.sonatype.oss:oss-parent:4": {
    "oss-parent-4.pom": {
      "url": "https://repo.maven.apache.org/maven2/org/sonatype/oss/oss-parent/4/oss-parent-4.pom",
      "hash": "sha256-xROZXPAZ2SE9T9pmZYmTeyvxvqXEzdM35hcOgLGEBu4="
    }
  },
  "org.sonatype.oss:oss-parent:3": {
    "oss-parent-3.pom": {
      "url": "https://repo.maven.apache.org/maven2/org/sonatype/oss/oss-parent/3/oss-parent-3.pom",
      "hash": "sha256-DCeIkmfAlGJEYRaZcJPGcVzMAMKzqVTmZDRDDY9Nrt4="
    }
  },
  "org.testng:testng:6.1.1": {
    "testng-6.1.1.jar": {
      "url": "https://repo.maven.apache.org/maven2/org/testng/testng/6.1.1/testng-6.1.1.jar",
      "hash": "sha256-bH4sZxxTCXknOfogbsA+tVPRhIGppBMEwxK7LH7KvMs="
    },
    "testng-6.1.1.pom": {
      "url": "https://repo.maven.apache.org/maven2/org/testng/testng/6.1.1/testng-6.1.1.pom",
      "hash": "sha256-9pkxCdXYUEQXxMsBLvlhv6rGElwdkTbhJqab+eOBUxM="
    }
  },
  "org.yaml:snakeyaml:1.26": {
    "snakeyaml-1.26.jar": {
      "url": "https://repo.maven.apache.org/maven2/org/yaml/snakeyaml/1.26/snakeyaml-1.26.jar",
      "hash": "sha256-2H1gflAIhTVsA8HK5h6MLgXWl9+Hh9WroTSEwut2qEQ="
    },
    "snakeyaml-1.26.pom": {
      "url": "https://repo.maven.apache.org/maven2/org/yaml/snakeyaml/1.26/snakeyaml-1.26.pom",
      "hash": "sha256-xVd6BoDYqN70GDqk1q7RwBICaz2JvaZc2g4YrhYTAVc="
    }
  },
  "org.yaml:snakeyaml:1.6": {
    "snakeyaml-1.6.jar": {
      "url": "https://repo.maven.apache.org/maven2/org/yaml/snakeyaml/1.6/snakeyaml-1.6.jar",
      "hash": "sha256-WnuzU3GsM8NczH8EygSIyxXVc9yN8W3KkJAofXTTWUs="
    },
    "snakeyaml-1.6.pom": {
      "url": "https://repo.maven.apache.org/maven2/org/yaml/snakeyaml/1.6/snakeyaml-1.6.pom",
      "hash": "sha256-E2ABG4BVusQPcZo87LBjDeoU+e91K+Qk+1obA/UVjq0="
    }
  }
}